
Microsoft Visual Studio Solution File, Format Version 12.00
# Visual Studio Version 16
VisualStudioVersion = 16.0.29806.167
MinimumVisualStudioVersion = 10.0.40219.1
Project("{FAE04EC0-301F-11D3-BF4B-00C04F79EFBC}") = "talentonboardingproject", "talentonboardingproject\talentonboardingproject.csproj", "{BC676B8E-2C76-4F61-8982-A74CCDBDB79A}"
EndProject
Global
	GlobalSection(SolutionConfigurationPlatforms) = preSolution
		Debug|Any CPU = Debug|Any CPU
		Release|Any CPU = Release|Any CPU
	EndGlobalSection
	GlobalSection(ProjectConfigurationPlatforms) = postSolution
		{BC676B8E-2C76-4F61-8982-A74CCDBDB79A}.Debug|Any CPU.ActiveCfg = Debug|Any CPU
		{BC676B8E-2C76-4F61-8982-A74CCDBDB79A}.Debug|Any CPU.Build.0 = Debug|Any CPU
		{BC676B8E-2C76-4F61-8982-A74CCDBDB79A}.Release|Any CPU.ActiveCfg = Release|Any CPU
		{BC676B8E-2C76-4F61-8982-A74CCDBDB79A}.Release|Any CPU.Build.0 = Release|Any CPU
	EndGlobalSection
	GlobalSection(SolutionProperties) = preSolution
		HideSolutionNode = FALSE
	EndGlobalSection
	GlobalSection(ExtensibilityGlobals) = postSolution
		SolutionGuid = {AFE8F28D-3A66-4D8F-BFC7-4FAABF704FD1}
	EndGlobalSection
EndGlobal
